
Microsoft Visual Studio Solution File, Format Version 12.00
# Visual Studio Version 17
VisualStudioVersion = 17.5.33414.496
MinimumVisualStudioVersion = 10.0.40219.1
Project("{9A19103F-16F7-4668-BE54-9A1E7A4F7556}") = "Tk.Nuget", "src\Tk.Nuget\Tk.Nuget.csproj", "{9E1F3F18-7BAE-4B0B-894F-BD06E12DB911}"
EndProject
Project("{2150E333-8FDC-42A3-9474-1A3956D46DE8}") = "src", "src", "{711203ED-6E3A-4053-9CAA-DD44A34981AF}"
EndProject
Project("{2150E333-8FDC-42A3-9474-1A3956D46DE8}") = "build", "build", "{FC9C12CE-7468-46F4-8015-B9333410C80E}"
	ProjectSection(SolutionItems) = preProject
		.github\workflows\build.yml = .github\workflows\build.yml
		.github\workflows\clean-builds.yaml = .github\workflows\clean-builds.yaml
		.github\workflows\codeql-analysis.yml = .github\workflows\codeql-analysis.yml
		.github\workflows\sca-scheduled.yml = .github\workflows\sca-scheduled.yml
	EndProjectSection
EndProject
Project("{2150E333-8FDC-42A3-9474-1A3956D46DE8}") = "docs", "docs", "{B90A5D55-43AE-4523-8179-4DE4FE8E857E}"
	ProjectSection(SolutionItems) = preProject
		LICENSE = LICENSE
		README.md = README.md
	EndProjectSection
EndProject
Project("{2150E333-8FDC-42A3-9474-1A3956D46DE8}") = "test", "test", "{DA9910AA-B06F-47EA-8AE7-0A26F21816D2}"
EndProject
Project("{FAE04EC0-301F-11D3-BF4B-00C04F79EFBC}") = "Tk.Nuget.Tests.Unit", "tests\Tk.Nuget.Tests.Unit\Tk.Nuget.Tests.Unit.csproj", "{9885A084-F549-4E22-B568-C746DDC7E043}"
EndProject
Global
	GlobalSection(SolutionConfigurationPlatforms) = preSolution
		Debug|Any CPU = Debug|Any CPU
		Release|Any CPU = Release|Any CPU
	EndGlobalSection
	GlobalSection(ProjectConfigurationPlatforms) = postSolution
		{9E1F3F18-7BAE-4B0B-894F-BD06E12DB911}.Debug|Any CPU.ActiveCfg = Debug|Any CPU
		{9E1F3F18-7BAE-4B0B-894F-BD06E12DB911}.Debug|Any CPU.Build.0 = Debug|Any CPU
		{9E1F3F18-7BAE-4B0B-894F-BD06E12DB911}.Release|Any CPU.ActiveCfg = Release|Any CPU
		{9E1F3F18-7BAE-4B0B-894F-BD06E12DB911}.Release|Any CPU.Build.0 = Release|Any CPU
		{9885A084-F549-4E22-B568-C746DDC7E043}.Debug|Any CPU.ActiveCfg = Debug|Any CPU
		{9885A084-F549-4E22-B568-C746DDC7E043}.Debug|Any CPU.Build.0 = Debug|Any CPU
		{9885A084-F549-4E22-B568-C746DDC7E043}.Release|Any CPU.ActiveCfg = Release|Any CPU
		{9885A084-F549-4E22-B568-C746DDC7E043}.Release|Any CPU.Build.0 = Release|Any CPU
	EndGlobalSection
	GlobalSection(SolutionProperties) = preSolution
		HideSolutionNode = FALSE
	EndGlobalSection
	GlobalSection(NestedProjects) = preSolution
		{9E1F3F18-7BAE-4B0B-894F-BD06E12DB911} = {711203ED-6E3A-4053-9CAA-DD44A34981AF}
		{9885A084-F549-4E22-B568-C746DDC7E043} = {DA9910AA-B06F-47EA-8AE7-0A26F21816D2}
	EndGlobalSection
	GlobalSection(ExtensibilityGlobals) = postSolution
		SolutionGuid = {488BD6A4-A0A9-4DFD-A188-54BFE52BF666}
	EndGlobalSection
EndGlobal
