
Microsoft Visual Studio Solution File, Format Version 12.00
# Visual Studio Version 17
VisualStudioVersion = 17.5.33414.496
MinimumVisualStudioVersion = 10.0.40219.1
Project("{FAE04EC0-301F-11D3-BF4B-00C04F79EFBC}") = "Tk.Nuget", "src\Tk.Nuget\Tk.Nuget.csproj", "{9E1F3F18-7BAE-4B0B-894F-BD06E12DB911}"
EndProject
Global
	GlobalSection(SolutionConfigurationPlatforms) = preSolution
		Debug|Any CPU = Debug|Any CPU
		Release|Any CPU = Release|Any CPU
	EndGlobalSection
	GlobalSection(ProjectConfigurationPlatforms) = postSolution
		{9E1F3F18-7BAE-4B0B-894F-BD06E12DB911}.Debug|Any CPU.ActiveCfg = Debug|Any CPU
		{9E1F3F18-7BAE-4B0B-894F-BD06E12DB911}.Debug|Any CPU.Build.0 = Debug|Any CPU
		{9E1F3F18-7BAE-4B0B-894F-BD06E12DB911}.Release|Any CPU.ActiveCfg = Release|Any CPU
		{9E1F3F18-7BAE-4B0B-894F-BD06E12DB911}.Release|Any CPU.Build.0 = Release|Any CPU
	EndGlobalSection
	GlobalSection(SolutionProperties) = preSolution
		HideSolutionNode = FALSE
	EndGlobalSection
	GlobalSection(ExtensibilityGlobals) = postSolution
		SolutionGuid = {488BD6A4-A0A9-4DFD-A188-54BFE52BF666}
	EndGlobalSection
EndGlobal
